
Microsoft Visual Studio Solution File, Format Version 12.00
# Visual Studio Version 16
VisualStudioVersion = 16.0.31005.135
MinimumVisualStudioVersion = 10.0.40219.1
Project("{FAE04EC0-301F-11D3-BF4B-00C04F79EFBC}") = "parte5CalculoLiquido", "parte5CalculoLiquido\parte5CalculoLiquido.csproj", "{74484024-AFD6-4059-85B2-42CF8A9C44ED}"
EndProject
Global
	GlobalSection(SolutionConfigurationPlatforms) = preSolution
		Debug|Any CPU = Debug|Any CPU
		Release|Any CPU = Release|Any CPU
	EndGlobalSection
	GlobalSection(ProjectConfigurationPlatforms) = postSolution
		{74484024-AFD6-4059-85B2-42CF8A9C44ED}.Debug|Any CPU.ActiveCfg = Debug|Any CPU
		{74484024-AFD6-4059-85B2-42CF8A9C44ED}.Debug|Any CPU.Build.0 = Debug|Any CPU
		{74484024-AFD6-4059-85B2-42CF8A9C44ED}.Release|Any CPU.ActiveCfg = Release|Any CPU
		{74484024-AFD6-4059-85B2-42CF8A9C44ED}.Release|Any CPU.Build.0 = Release|Any CPU
	EndGlobalSection
	GlobalSection(SolutionProperties) = preSolution
		HideSolutionNode = FALSE
	EndGlobalSection
	GlobalSection(ExtensibilityGlobals) = postSolution
		SolutionGuid = {5B429C74-7592-4542-9DA0-AF8391551EE4}
	EndGlobalSection
EndGlobal
